
Microsoft Visual Studio Solution File, Format Version 12.00
# Visual Studio 15
VisualStudioVersion = 15.0.28307.757
MinimumVisualStudioVersion = 10.0.40219.1
Project("{8BC9CEB8-8B4A-11D0-8D11-00A0C91BC942}") = "Ch5_Lab2", "Ch5_Lab2\Ch5_Lab2.vcxproj", "{F9100EAA-A542-4201-AD2B-E4312B4E3CE4}"
EndProject
Global
	GlobalSection(SolutionConfigurationPlatforms) = preSolution
		Debug|x64 = Debug|x64
		Debug|x86 = Debug|x86
		Release|x64 = Release|x64
		Release|x86 = Release|x86
	EndGlobalSection
	GlobalSection(ProjectConfigurationPlatforms) = postSolution
		{F9100EAA-A542-4201-AD2B-E4312B4E3CE4}.Debug|x64.ActiveCfg = Debug|x64
		{F9100EAA-A542-4201-AD2B-E4312B4E3CE4}.Debug|x64.Build.0 = Debug|x64
		{F9100EAA-A542-4201-AD2B-E4312B4E3CE4}.Debug|x86.ActiveCfg = Debug|Win32
		{F9100EAA-A542-4201-AD2B-E4312B4E3CE4}.Debug|x86.Build.0 = Debug|Win32
		{F9100EAA-A542-4201-AD2B-E4312B4E3CE4}.Release|x64.ActiveCfg = Release|x64
		{F9100EAA-A542-4201-AD2B-E4312B4E3CE4}.Release|x64.Build.0 = Release|x64
		{F9100EAA-A542-4201-AD2B-E4312B4E3CE4}.Release|x86.ActiveCfg = Release|Win32
		{F9100EAA-A542-4201-AD2B-E4312B4E3CE4}.Release|x86.Build.0 = Release|Win32
	EndGlobalSection
	GlobalSection(SolutionProperties) = preSolution
		HideSolutionNode = FALSE
	EndGlobalSection
	GlobalSection(ExtensibilityGlobals) = postSolution
		SolutionGuid = {455A6FA3-7846-4441-9647-F029BB29CDE5}
	EndGlobalSection
EndGlobal
